
Microsoft Visual Studio Solution File, Format Version 12.00
# Visual Studio Version 17
VisualStudioVersion = 17.13.35931.197
MinimumVisualStudioVersion = 10.0.40219.1
Project("{FAE04EC0-301F-11D3-BF4B-00C04F79EFBC}") = "PackageDrawing", "PackageDrawing\PackageDrawing.csproj", "{8630740E-CD9B-4763-A222-EF52507DC120}"
EndProject
Project("{FAE04EC0-301F-11D3-BF4B-00C04F79EFBC}") = "PackageDrawingTest", "PackageDrawingTest\PackageDrawingTest.csproj", "{3D629864-5527-43B5-9B8F-5B1554FCBF8F}"
EndProject
Global
	GlobalSection(SolutionConfigurationPlatforms) = preSolution
		Debug|Any CPU = Debug|Any CPU
		Release|Any CPU = Release|Any CPU
	EndGlobalSection
	GlobalSection(ProjectConfigurationPlatforms) = postSolution
		{8630740E-CD9B-4763-A222-EF52507DC120}.Debug|Any CPU.ActiveCfg = Debug|Any CPU
		{8630740E-CD9B-4763-A222-EF52507DC120}.Debug|Any CPU.Build.0 = Debug|Any CPU
		{8630740E-CD9B-4763-A222-EF52507DC120}.Release|Any CPU.ActiveCfg = Release|Any CPU
		{8630740E-CD9B-4763-A222-EF52507DC120}.Release|Any CPU.Build.0 = Release|Any CPU
		{3D629864-5527-43B5-9B8F-5B1554FCBF8F}.Debug|Any CPU.ActiveCfg = Debug|Any CPU
		{3D629864-5527-43B5-9B8F-5B1554FCBF8F}.Debug|Any CPU.Build.0 = Debug|Any CPU
		{3D629864-5527-43B5-9B8F-5B1554FCBF8F}.Release|Any CPU.ActiveCfg = Release|Any CPU
		{3D629864-5527-43B5-9B8F-5B1554FCBF8F}.Release|Any CPU.Build.0 = Release|Any CPU
	EndGlobalSection
	GlobalSection(SolutionProperties) = preSolution
		HideSolutionNode = FALSE
	EndGlobalSection
	GlobalSection(ExtensibilityGlobals) = postSolution
		SolutionGuid = {6CB45E72-F876-4BB4-B158-CE2CE2BE1BD1}
	EndGlobalSection
EndGlobal
