Microsoft Visual Studio Solution File, Format Version 12.00
# Visual Studio Version 17
VisualStudioVersion = 17.5.2.0
MinimumVisualStudioVersion = 10.0.40219.1
Project("{FAE04EC0-301F-11D3-BF4B-00C04F79EFBC}") = "PackageDrawing", "PackageDrawing.csproj", "{88A486C4-75A6-178A-F8C2-D71D8B5B7228}"
EndProject
Global
	GlobalSection(SolutionConfigurationPlatforms) = preSolution
		Debug|Any CPU = Debug|Any CPU
		Release|Any CPU = Release|Any CPU
	EndGlobalSection
	GlobalSection(ProjectConfigurationPlatforms) = postSolution
		{88A486C4-75A6-178A-F8C2-D71D8B5B7228}.Debug|Any CPU.ActiveCfg = Debug|Any CPU
		{88A486C4-75A6-178A-F8C2-D71D8B5B7228}.Debug|Any CPU.Build.0 = Debug|Any CPU
		{88A486C4-75A6-178A-F8C2-D71D8B5B7228}.Release|Any CPU.ActiveCfg = Release|Any CPU
		{88A486C4-75A6-178A-F8C2-D71D8B5B7228}.Release|Any CPU.Build.0 = Release|Any CPU
	EndGlobalSection
	GlobalSection(SolutionProperties) = preSolution
		HideSolutionNode = FALSE
	EndGlobalSection
	GlobalSection(ExtensibilityGlobals) = postSolution
		SolutionGuid = {15296C0A-3E30-43FB-86DA-4D0103D30296}
	EndGlobalSection
EndGlobal
